
Microsoft Visual Studio Solution File, Format Version 12.00
# Visual Studio Version 17
VisualStudioVersion = 17.3.32825.248
MinimumVisualStudioVersion = 10.0.40219.1
Project("{FAE04EC0-301F-11D3-BF4B-00C04F79EFBC}") = "MCMMCD", "MCMMCD\MCMMCD.csproj", "{1D5B9557-6F6D-4017-B3BE-82A6355BAB77}"
EndProject
Global
	GlobalSection(SolutionConfigurationPlatforms) = preSolution
		Debug|Any CPU = Debug|Any CPU
		Release|Any CPU = Release|Any CPU
	EndGlobalSection
	GlobalSection(ProjectConfigurationPlatforms) = postSolution
		{1D5B9557-6F6D-4017-B3BE-82A6355BAB77}.Debug|Any CPU.ActiveCfg = Debug|Any CPU
		{1D5B9557-6F6D-4017-B3BE-82A6355BAB77}.Debug|Any CPU.Build.0 = Debug|Any CPU
		{1D5B9557-6F6D-4017-B3BE-82A6355BAB77}.Release|Any CPU.ActiveCfg = Release|Any CPU
		{1D5B9557-6F6D-4017-B3BE-82A6355BAB77}.Release|Any CPU.Build.0 = Release|Any CPU
	EndGlobalSection
	GlobalSection(SolutionProperties) = preSolution
		HideSolutionNode = FALSE
	EndGlobalSection
	GlobalSection(ExtensibilityGlobals) = postSolution
		SolutionGuid = {BCFE9956-0F1F-4196-9A4E-E5F3507CE079}
	EndGlobalSection
EndGlobal
