
Microsoft Visual Studio Solution File, Format Version 12.00
# Visual Studio Version 17
VisualStudioVersion = 17.3.32825.248
MinimumVisualStudioVersion = 10.0.40219.1
Project("{FAE04EC0-301F-11D3-BF4B-00C04F79EFBC}") = "Palindromo", "Palindromo\Palindromo.csproj", "{BFA31F9B-1BE1-46BA-AF08-6953F1DA1E66}"
EndProject
Global
	GlobalSection(SolutionConfigurationPlatforms) = preSolution
		Debug|Any CPU = Debug|Any CPU
		Release|Any CPU = Release|Any CPU
	EndGlobalSection
	GlobalSection(ProjectConfigurationPlatforms) = postSolution
		{BFA31F9B-1BE1-46BA-AF08-6953F1DA1E66}.Debug|Any CPU.ActiveCfg = Debug|Any CPU
		{BFA31F9B-1BE1-46BA-AF08-6953F1DA1E66}.Debug|Any CPU.Build.0 = Debug|Any CPU
		{BFA31F9B-1BE1-46BA-AF08-6953F1DA1E66}.Release|Any CPU.ActiveCfg = Release|Any CPU
		{BFA31F9B-1BE1-46BA-AF08-6953F1DA1E66}.Release|Any CPU.Build.0 = Release|Any CPU
	EndGlobalSection
	GlobalSection(SolutionProperties) = preSolution
		HideSolutionNode = FALSE
	EndGlobalSection
	GlobalSection(ExtensibilityGlobals) = postSolution
		SolutionGuid = {377ABEA3-615F-4CA9-818F-8E8D73DE4973}
	EndGlobalSection
EndGlobal
